
Microsoft Visual Studio Solution File, Format Version 12.00
# Visual Studio Version 17
VisualStudioVersion = 17.11.35327.3
MinimumVisualStudioVersion = 10.0.40219.1
Project("{FAE04EC0-301F-11D3-BF4B-00C04F79EFBC}") = "8dars", "8dars.csproj", "{B4F1321D-8E88-491E-B517-BB2AE6AABE95}"
EndProject
Global
	GlobalSection(SolutionConfigurationPlatforms) = preSolution
		Debug|Any CPU = Debug|Any CPU
		Release|Any CPU = Release|Any CPU
	EndGlobalSection
	GlobalSection(ProjectConfigurationPlatforms) = postSolution
		{B4F1321D-8E88-491E-B517-BB2AE6AABE95}.Debug|Any CPU.ActiveCfg = Debug|Any CPU
		{B4F1321D-8E88-491E-B517-BB2AE6AABE95}.Debug|Any CPU.Build.0 = Debug|Any CPU
		{B4F1321D-8E88-491E-B517-BB2AE6AABE95}.Release|Any CPU.ActiveCfg = Release|Any CPU
		{B4F1321D-8E88-491E-B517-BB2AE6AABE95}.Release|Any CPU.Build.0 = Release|Any CPU
	EndGlobalSection
	GlobalSection(SolutionProperties) = preSolution
		HideSolutionNode = FALSE
	EndGlobalSection
	GlobalSection(ExtensibilityGlobals) = postSolution
		SolutionGuid = {E70C262E-577B-4BD4-9E05-D98001A4104E}
	EndGlobalSection
EndGlobal
